
Microsoft Visual Studio Solution File, Format Version 12.00
# Visual Studio Version 17
VisualStudioVersion = 17.11.35222.181
MinimumVisualStudioVersion = 10.0.40219.1
Project("{9A19103F-16F7-4668-BE54-9A1E7A4F7556}") = "WhiteLagoon.Web", "WhiteLagoon.Web\WhiteLagoon.Web.csproj", "{723E7962-831B-4E02-8183-ED4966D69DE2}"
EndProject
Project("{9A19103F-16F7-4668-BE54-9A1E7A4F7556}") = "WhiteLagoon.Domain", "WhiteLagoon.Domain\WhiteLagoon.Domain.csproj", "{08326407-E89C-48DF-AFB4-727D35EF999F}"
EndProject
Project("{9A19103F-16F7-4668-BE54-9A1E7A4F7556}") = "WhiteLagoon.Application", "WhiteLagoon.Application\WhiteLagoon.Application.csproj", "{CABE1C67-B6D6-4BA9-9D9C-2F24A42F63AA}"
EndProject
Project("{9A19103F-16F7-4668-BE54-9A1E7A4F7556}") = "WhiteLagoon.Infrastructure", "WhiteLagoon.Infrastructure\WhiteLagoon.Infrastructure.csproj", "{8CA33821-7F19-4280-9ADA-2E971C538192}"
EndProject
Global
	GlobalSection(SolutionConfigurationPlatforms) = preSolution
		Debug|Any CPU = Debug|Any CPU
		Release|Any CPU = Release|Any CPU
	EndGlobalSection
	GlobalSection(ProjectConfigurationPlatforms) = postSolution
		{723E7962-831B-4E02-8183-ED4966D69DE2}.Debug|Any CPU.ActiveCfg = Debug|Any CPU
		{723E7962-831B-4E02-8183-ED4966D69DE2}.Debug|Any CPU.Build.0 = Debug|Any CPU
		{723E7962-831B-4E02-8183-ED4966D69DE2}.Release|Any CPU.ActiveCfg = Release|Any CPU
		{723E7962-831B-4E02-8183-ED4966D69DE2}.Release|Any CPU.Build.0 = Release|Any CPU
		{08326407-E89C-48DF-AFB4-727D35EF999F}.Debug|Any CPU.ActiveCfg = Debug|Any CPU
		{08326407-E89C-48DF-AFB4-727D35EF999F}.Debug|Any CPU.Build.0 = Debug|Any CPU
		{08326407-E89C-48DF-AFB4-727D35EF999F}.Release|Any CPU.ActiveCfg = Release|Any CPU
		{08326407-E89C-48DF-AFB4-727D35EF999F}.Release|Any CPU.Build.0 = Release|Any CPU
		{CABE1C67-B6D6-4BA9-9D9C-2F24A42F63AA}.Debug|Any CPU.ActiveCfg = Debug|Any CPU
		{CABE1C67-B6D6-4BA9-9D9C-2F24A42F63AA}.Debug|Any CPU.Build.0 = Debug|Any CPU
		{CABE1C67-B6D6-4BA9-9D9C-2F24A42F63AA}.Release|Any CPU.ActiveCfg = Release|Any CPU
		{CABE1C67-B6D6-4BA9-9D9C-2F24A42F63AA}.Release|Any CPU.Build.0 = Release|Any CPU
		{8CA33821-7F19-4280-9ADA-2E971C538192}.Debug|Any CPU.ActiveCfg = Debug|Any CPU
		{8CA33821-7F19-4280-9ADA-2E971C538192}.Debug|Any CPU.Build.0 = Debug|Any CPU
		{8CA33821-7F19-4280-9ADA-2E971C538192}.Release|Any CPU.ActiveCfg = Release|Any CPU
		{8CA33821-7F19-4280-9ADA-2E971C538192}.Release|Any CPU.Build.0 = Release|Any CPU
	EndGlobalSection
	GlobalSection(SolutionProperties) = preSolution
		HideSolutionNode = FALSE
	EndGlobalSection
	GlobalSection(ExtensibilityGlobals) = postSolution
		SolutionGuid = {A2A47DA6-93E3-4AE6-9431-5C356DC1616F}
	EndGlobalSection
EndGlobal
