
Microsoft Visual Studio Solution File, Format Version 12.00
# Visual Studio Version 17
VisualStudioVersion = 17.11.35222.181
MinimumVisualStudioVersion = 10.0.40219.1
Project("{FAE04EC0-301F-11D3-BF4B-00C04F79EFBC}") = "WhiteLagoon.Web", "WhiteLagoon.Web\WhiteLagoon.Web.csproj", "{723E7962-831B-4E02-8183-ED4966D69DE2}"
EndProject
Global
	GlobalSection(SolutionConfigurationPlatforms) = preSolution
		Debug|Any CPU = Debug|Any CPU
		Release|Any CPU = Release|Any CPU
	EndGlobalSection
	GlobalSection(ProjectConfigurationPlatforms) = postSolution
		{723E7962-831B-4E02-8183-ED4966D69DE2}.Debug|Any CPU.ActiveCfg = Debug|Any CPU
		{723E7962-831B-4E02-8183-ED4966D69DE2}.Debug|Any CPU.Build.0 = Debug|Any CPU
		{723E7962-831B-4E02-8183-ED4966D69DE2}.Release|Any CPU.ActiveCfg = Release|Any CPU
		{723E7962-831B-4E02-8183-ED4966D69DE2}.Release|Any CPU.Build.0 = Release|Any CPU
	EndGlobalSection
	GlobalSection(SolutionProperties) = preSolution
		HideSolutionNode = FALSE
	EndGlobalSection
	GlobalSection(ExtensibilityGlobals) = postSolution
		SolutionGuid = {A2A47DA6-93E3-4AE6-9431-5C356DC1616F}
	EndGlobalSection
EndGlobal
